Microsoft Visual Studio Solution File, Format Version 12.00
# Visual Studio Version 17
VisualStudioVersion = 17.0.31903.59
MinimumVisualStudioVersion = 10.0.40219.1
Project("{FAE04EC0-301F-11D3-BF4B-00C04F79EFBC}") = "f", "f.csproj", "{B8D2D0F7-9F7C-4A2F-8E94-5E0F2F6A9C9D}"
EndProject
Global
	GlobalSection(SolutionConfigurationPlatforms) = preSolution
		Debug|Any CPU = Debug|Any CPU
		ExportDebug|Any CPU = ExportDebug|Any CPU
		ExportRelease|Any CPU = ExportRelease|Any CPU
	EndGlobalSection
	GlobalSection(ProjectConfigurationPlatforms) = postSolution
		{B8D2D0F7-9F7C-4A2F-8E94-5E0F2F6A9C9D}.Debug|Any CPU.ActiveCfg = Debug|Any CPU
		{B8D2D0F7-9F7C-4A2F-8E94-5E0F2F6A9C9D}.Debug|Any CPU.Build.0 = Debug|Any CPU
		{B8D2D0F7-9F7C-4A2F-8E94-5E0F2F6A9C9D}.ExportDebug|Any CPU.ActiveCfg = ExportDebug|Any CPU
		{B8D2D0F7-9F7C-4A2F-8E94-5E0F2F6A9C9D}.ExportDebug|Any CPU.Build.0 = ExportDebug|Any CPU
		{B8D2D0F7-9F7C-4A2F-8E94-5E0F2F6A9C9D}.ExportRelease|Any CPU.ActiveCfg = ExportRelease|Any CPU
		{B8D2D0F7-9F7C-4A2F-8E94-5E0F2F6A9C9D}.ExportRelease|Any CPU.Build.0 = ExportRelease|Any CPU
	EndGlobalSection
EndGlobal
